
Microsoft Visual Studio Solution File, Format Version 10.00
# Visual C# Express 2008
Project("{FAE04EC0-301F-11D3-BF4B-00C04F79EFBC}") = "iBalX", "iBalX.csproj", "{538DF3CC-BBCE-465F-9523-AE2C0E9A6D78}"
EndProject
Global
	GlobalSection(SolutionConfigurationPlatforms) = preSolution
		Debug|Any CPU = Debug|Any CPU
		Release|Any CPU = Release|Any CPU
		Description = Added feeslip edit state solution 5656
	EndGlobalSection
	GlobalSection(ProjectConfigurationPlatforms) = postSolution
		{538DF3CC-BBCE-465F-9523-AE2C0E9A6D78}.Debug|Any CPU.ActiveCfg = Debug|Any CPU
		{538DF3CC-BBCE-465F-9523-AE2C0E9A6D78}.Debug|Any CPU.Build.0 = Debug|Any CPU
		{538DF3CC-BBCE-465F-9523-AE2C0E9A6D78}.Release|Any CPU.ActiveCfg = Release|Any CPU
		{538DF3CC-BBCE-465F-9523-AE2C0E9A6D78}.Release|Any CPU.Build.0 = Release|Any CPU
	EndGlobalSection
	GlobalSection(SolutionProperties) = preSolution
		HideSolutionNode = FALSE
	EndGlobalSection
EndGlobal
